# This file is automatically @generated by Poetry 1.8.4 and should not be changed by hand.

[[package]]
name = "asgiref"
version = "3.8.1"
description = "ASGI specs, helper code, and adapters"
optional = false
python-versions = ">=3.8"
files = [
    {file = "asgiref-3.8.1-py3-none-any.whl", hash = "sha256:3e1e3ecc849832fe52ccf2cb6686b7a55f82bb1d6aee72a58826471390335e47"},
    {file = "asgiref-3.8.1.tar.gz", hash = "sha256:c343bd80a0bec947a9860adb4c432ffa7db769836c64238fc34bdc3fec84d590"},
]

[package.extras]
tests = ["mypy (>=0.800)", "pytest", "pytest-asyncio"]

[[package]]
name = "django"
version = "5.1.5"
description = "A high-level Python web framework that encourages rapid development and clean, pragmatic design."
optional = false
python-versions = ">=3.10"
files = [
    {file = "Django-5.1.5-py3-none-any.whl", hash = "sha256:c46eb936111fffe6ec4bc9930035524a8be98ec2f74d8a0ff351226a3e52f459"},
    {file = "Django-5.1.5.tar.gz", hash = "sha256:19bbca786df50b9eca23cee79d495facf55c8f5c54c529d9bf1fe7b5ea086af3"},
]

[package.dependencies]
asgiref = ">=3.8.1,<4"
sqlparse = ">=0.3.1"
tzdata = {version = "*", markers = "sys_platform == \"win32\""}

[package.extras]
argon2 = ["argon2-cffi (>=19.1.0)"]
bcrypt = ["bcrypt"]

[[package]]
name = "dnspython"
version = "2.7.0"
description = "DNS toolkit"
optional = false
python-versions = ">=3.9"
files = [
    {file = "dnspython-2.7.0-py3-none-any.whl", hash = "sha256:b4c34b7d10b51bcc3a5071e7b8dee77939f1e878477eeecc965e9835f63c6c86"},
    {file = "dnspython-2.7.0.tar.gz", hash = "sha256:ce9c432eda0dc91cf618a5cedf1a4e142651196bbcd2c80e89ed5a907e5cfaf1"},
]

[package.extras]
dev = ["black (>=23.1.0)", "coverage (>=7.0)", "flake8 (>=7)", "hypercorn (>=0.16.0)", "mypy (>=1.8)", "pylint (>=3)", "pytest (>=7.4)", "pytest-cov (>=4.1.0)", "quart-trio (>=0.11.0)", "sphinx (>=7.2.0)", "sphinx-rtd-theme (>=2.0.0)", "twine (>=4.0.0)", "wheel (>=0.42.0)"]
dnssec = ["cryptography (>=43)"]
doh = ["h2 (>=4.1.0)", "httpcore (>=1.0.0)", "httpx (>=0.26.0)"]
doq = ["aioquic (>=1.0.0)"]
idna = ["idna (>=3.7)"]
trio = ["trio (>=0.23)"]
wmi = ["wmi (>=1.5.1)"]

[[package]]
name = "psycopg2"
version = "2.9.10"
description = "psycopg2 - Python-PostgreSQL Database Adapter"
optional = false
python-versions = ">=3.8"
files = [
    {file = "psycopg2-2.9.10-cp310-cp310-win32.whl", hash = "sha256:5df2b672140f95adb453af93a7d669d7a7bf0a56bcd26f1502329166f4a61716"},
    {file = "psycopg2-2.9.10-cp310-cp310-win_amd64.whl", hash = "sha256:c6f7b8561225f9e711a9c47087388a97fdc948211c10a4bccbf0ba68ab7b3b5a"},
    {file = "psycopg2-2.9.10-cp311-cp311-win32.whl", hash = "sha256:47c4f9875125344f4c2b870e41b6aad585901318068acd01de93f3677a6522c2"},
    {file = "psycopg2-2.9.10-cp311-cp311-win_amd64.whl", hash = "sha256:0435034157049f6846e95103bd8f5a668788dd913a7c30162ca9503fdf542cb4"},
    {file = "psycopg2-2.9.10-cp312-cp312-win32.whl", hash = "sha256:65a63d7ab0e067e2cdb3cf266de39663203d38d6a8ed97f5ca0cb315c73fe067"},
    {file = "psycopg2-2.9.10-cp312-cp312-win_amd64.whl", hash = "sha256:4a579d6243da40a7b3182e0430493dbd55950c493d8c68f4eec0b302f6bbf20e"},
    {file = "psycopg2-2.9.10-cp39-cp39-win32.whl", hash = "sha256:9d5b3b94b79a844a986d029eee38998232451119ad653aea42bb9220a8c5066b"},
    {file = "psycopg2-2.9.10-cp39-cp39-win_amd64.whl", hash = "sha256:88138c8dedcbfa96408023ea2b0c369eda40fe5d75002c0964c78f46f11fa442"},
    {file = "psycopg2-2.9.10.tar.gz", hash = "sha256:12ec0b40b0273f95296233e8750441339298e6a572f7039da5b260e3c8b60e11"},
]

[[package]]
name = "pymongo"
version = "4.11"
description = "Python driver for MongoDB <http://www.mongodb.org>"
optional = false
python-versions = ">=3.9"
files = [
    {file = "pymongo-4.11-cp310-cp310-macosx_10_9_x86_64.whl", hash = "sha256:1971039a8e3aab139e0382b26a9670cd34f43c5301da267360b9a640b637d09b"},
    {file = "pymongo-4.11-cp310-cp310-macosx_11_0_arm64.whl", hash = "sha256:b4878e92ae255a05756399a4e2b428f0fd3529561eacd9f4781a70ad5311397e"},
    {file = "pymongo-4.11-cp310-cp310-manylinux_2_17_aarch64.manylinux2014_aarch64.whl", hash = "sha256:e43b0533f291a8883e52fd7a8919353ae7038d50ef17873983877c2f6b76330e"},
    {file = "pymongo-4.11-cp310-cp310-manylinux_2_17_x86_64.manylinux2014_x86_64.whl", hash = "sha256:cf0a36fae1187fc2bdf3c527dc68c6bfd7c89726fbbf3215460b82e28bd8b81e"},
    {file = "pymongo-4.11-cp310-cp310-manylinux_2_5_i686.manylinux1_i686.manylinux_2_17_i686.manylinux2014_i686.whl", hash = "sha256:ff5176a083252a769e5bfb1a950d0e37da585c313e1a4af98903e22e7cf4c475"},
    {file = "pymongo-4.11-cp310-cp310-win32.whl", hash = "sha256:ee3cc9bce848a1024d1c96717540f3f30cba885df9610be70c0653764e30ae6e"},
    {file = "pymongo-4.11-cp310-cp310-win_amd64.whl", hash = "sha256:06e82968ea031aebc18820898b102efed1ea8dc21b51eff2a81dc9ba4191fa6b"},
    {file = "pymongo-4.11-cp311-cp311-macosx_10_9_x86_64.whl", hash = "sha256:0197fe47e31bee488e82e7ab73e6a351a191bbd6e25cf4a380622e4b1ffcd143"},
    {file = "pymongo-4.11-cp311-cp311-macosx_11_0_arm64.whl", hash = "sha256:f300d1811bd33940b2dd1907dbe2b4ae473003a384d6a764babb3ea5a4edede4"},
    {file = "pymongo-4.11-cp311-cp311-manylinux_2_17_aarch64.manylinux2014_aarch64.whl", hash = "sha256:212f14a882659a45db472f0bc0fdf83c16fad4e7e4d4257187797779c461320e"},
    {file = "pymongo-4.11-cp311-cp311-manylinux_2_17_x86_64.manylinux2014_x86_64.whl", hash = "sha256:c72165e4ee884c3c9ac85a443f20dd01849c9df26b38ff25b08260330ed78202"},
    {file = "pymongo-4.11-cp311-cp311-manylinux_2_5_i686.manylinux1_i686.manylinux_2_17_i686.manylinux2014_i686.whl", hash = "sha256:bedcf4a602042cb2c19ae3ee450fbdd5832095ae5b563e004f7c0d307a22c9e1"},
    {file = "pymongo-4.11-cp311-cp311-win32.whl", hash = "sha256:64ad12ae8d79f18ec30d807b9b9b9802c30427c39599d8b1833bc00e63f0e4bb"},
    {file = "pymongo-4.11-cp311-cp311-win_amd64.whl", hash = "sha256:a308ad2eeaee370b3b4154a82840c8f8f9b18ccc76b71812323d243a7bda98a2"},
    {file = "pymongo-4.11-cp312-cp312-macosx_10_13_x86_64.whl", hash = "sha256:254aa90fafead13aca8dbcfbc407e2f6f7c125fce726925bd96adc74b6226f9e"},
    {file = "pymongo-4.11-cp312-cp312-macosx_11_0_arm64.whl", hash = "sha256:e84e27d6fa4b3e532043daf89d52d2cfbd7b4697b44b86a7b3db8cacdcfcc58c"},
    {file = "pymongo-4.11-cp312-cp312-manylinux_2_17_aarch64.manylinux2014_aarch64.whl", hash = "sha256:7ac81987985275abeb53f5faa5c4a7f7890df9368c0f730fe37460a6301d94d7"},
    {file = "pymongo-4.11-cp312-cp312-manylinux_2_17_x86_64.manylinux2014_x86_64.whl", hash = "sha256:85cfc99af2ae0fb8699e15b1f3479018216eb75d80f0082973a876ecfdf1022e"},
    {file = "pymongo-4.11-cp312-cp312-manylinux_2_5_i686.manylinux1_i686.manylinux_2_17_i686.manylinux2014_i686.whl", hash = "sha256:b885210269455e05f5704887a4c7b3b99d03c9ab37f320005acc21d1761f1656"},
    {file = "pymongo-4.11-cp312-cp312-win32.whl", hash = "sha256:b7af60e034e04c3206dfbe2a7bbcc46057ca4f9ad8ed66869bf669c02a1e6e99"},
    {file = "pymongo-4.11-cp312-cp312-win_amd64.whl", hash = "sha256:74f02b7dbb3b15c2e48c7bb28941f6198dc73ced09683738180a9fdbfc0983b2"},
    {file = "pymongo-4.11-cp313-cp313-macosx_10_13_x86_64.whl", hash = "sha256:d33c80afcbfdd2934917fedfa005251484ca8d98767c74793c35d5f24b8e48f1"},
    {file = "pymongo-4.11-cp313-cp313-macosx_11_0_arm64.whl", hash = "sha256:d4db6f7515f5087ae9deecc3b60d3d8a512b1a0a9bff93113bc9edf20ed29ab9"},
    {file = "pymongo-4.11-cp313-cp313-manylinux_2_17_aarch64.manylinux2014_aarch64.whl", hash = "sha256:c3a7ead31317d3a3eabc17486c75ad109f3d514a702002e52da474b59dd8acce"},
    {file = "pymongo-4.11-cp313-cp313-manylinux_2_17_x86_64.manylinux2014_x86_64.whl", hash = "sha256:4c0ab91c06bf79dd3d3fd5f2a53fe22db8036084ddcfaacd80e83828b6eb4f25"},
    {file = "pymongo-4.11-cp313-cp313-manylinux_2_5_i686.manylinux1_i686.manylinux_2_17_i686.manylinux2014_i686.whl", hash = "sha256:9a04f49d6f1fa4f4e6a98ef76b4881b4a9c7decd8a90ee5c9aeff087662e2d8a"},
    {file = "pymongo-4.11-cp313-cp313-win32.whl", hash = "sha256:981ae0caa245bedf9af3af9159ae71b05444e35dd61a0250235b5c58dcd69178"},
    {file = "pymongo-4.11-cp313-cp313-win_amd64.whl", hash = "sha256:8e5a56a508612c64906d5375ebee413cee2fc432c09abd9cb4d9e23ac8bcdd3a"},
    {file = "pymongo-4.11-cp313-cp313t-macosx_10_13_x86_64.whl", hash = "sha256:c3b67a2949240d63a0b8b1094e1d2d4b94dedf0317ac6e14164adc9aaf260963"},
    {file = "pymongo-4.11-cp313-cp313t-macosx_11_0_arm64.whl", hash = "sha256:17d4b787afed3163e5faa147b028d8ec7996a5388328499588c5c5858f26ab8a"},
    {file = "pymongo-4.11-cp313-cp313t-manylinux_2_17_aarch64.manylinux2014_aarch64.whl", hash = "sha256:ae7f636010ce54885f1ea19c37ea2cb744d976ce689361a776fd0e991d020b81"},
    {file = "pymongo-4.11-cp313-cp313t-manylinux_2_17_x86_64.manylinux2014_x86_64.whl", hash = "sha256:c7f2309384de675e7e25104fc5947acb65ad3ba69dc8246095d57ff1220dfcbb"},
    {file = "pymongo-4.11-cp313-cp313t-manylinux_2_5_i686.manylinux1_i686.manylinux_2_17_i686.manylinux2014_i686.whl", hash = "sha256:17966e98d0350b578a337f053cc541458c296236d4b5b4b8adb76f5e82644fb8"},
    {file = "pymongo-4.11-cp313-cp313t-win32.whl", hash = "sha256:b7246f2060ba03dcc25ade803bc6a3c39f1cc7db93297875edd251ca8cf5cac7"},
    {file = "pymongo-4.11-cp313-cp313t-win_amd64.whl", hash = "sha256:488e3440f5bedcbf494fd02c0a433cb5be7e55ba44dc72202813e1007a865e6a"},
    {file = "pymongo-4.11-cp39-cp39-macosx_10_9_x86_64.whl", hash = "sha256:8436f90f26379c167d47b61ac78c48224af98f3136ece380b74158cbef2ad6a7"},
    {file = "pymongo-4.11-cp39-cp39-macosx_11_0_arm64.whl", hash = "sha256:5837ee73ffa4a943360320d7b9b917da2752a4cb536e23a6eaca418c1c64f60a"},
    {file = "pymongo-4.11-cp39-cp39-manylinux_2_17_aarch64.manylinux2014_aarch64.whl", hash = "sha256:5c7e5e500cc408f7f2aa38a4a6ed96d78a4c4cce3bcc6f1a55113f0b9d7823dd"},
    {file = "pymongo-4.11-cp39-cp39-manylinux_2_17_x86_64.manylinux2014_x86_64.whl", hash = "sha256:7cf9d18444259d86cd7028ac428f4fe7fbdefa3450575126ad2ee4447db0f52f"},
    {file = "pymongo-4.11-cp39-cp39-manylinux_2_5_i686.manylinux1_i686.manylinux_2_17_i686.manylinux2014_i686.whl", hash = "sha256:ec86da9ce746de890b8d470a1f12f3d2634786fee002a4c56bdbbfd59e23f1f7"},
    {file = "pymongo-4.11-cp39-cp39-manylinux_2_5_i686.manylinux1_i686.whl", hash = "sha256:38f777f5e43f3acd651a79aaf95abf29e8e7f85429a12ce32c4b7f2f877b2200"},
    {file = "pymongo-4.11-cp39-cp39-manylinux_2_5_x86_64.manylinux1_x86_64.whl", hash = "sha256:314648ec4d5eaa755233343d6d110348371988257de35f5a84667b709262deab"},
    {file = "pymongo-4.11-cp39-cp39-win32.whl", hash = "sha256:d4a275ea70f597d3fd77bdc83054307a65749b2c669bc5045cb4620930eed596"},
    {file = "pymongo-4.11-cp39-cp39-win_amd64.whl", hash = "sha256:bb3ce0ce49cfe5c31db046d567403adb2d158459cf10d7c71f6d72f2324c900a"},
    {file = "pymongo-4.11.tar.gz", hash = "sha256:21b9969e155c4b16a160fbe90c390a07ca7514479af6c3811b1d15ead26e10ba"},
]

[package.dependencies]
dnspython = ">=1.16.0,<3.0.0"

[package.extras]
aws = ["pymongo-auth-aws (>=1.1.0,<2.0.0)"]
docs = ["furo (==2024.8.6)", "readthedocs-sphinx-search (>=0.3,<1.0)", "sphinx (>=5.3,<9)", "sphinx-autobuild (>=2020.9.1)", "sphinx-rtd-theme (>=2,<4)", "sphinxcontrib-shellcheck (>=1,<2)"]
encryption = ["certifi", "pymongo-auth-aws (>=1.1.0,<2.0.0)", "pymongocrypt (>=1.12.0,<2.0.0)"]
gssapi = ["pykerberos", "winkerberos (>=0.5.0)"]
ocsp = ["certifi", "cryptography (>=2.5)", "pyopenssl (>=17.2.0)", "requests (<3.0.0)", "service-identity (>=18.1.0)"]
snappy = ["python-snappy"]
test = ["pytest (>=8.2)", "pytest-asyncio (>=0.24.0)"]
zstd = ["zstandard"]

[[package]]
name = "sqlparse"
version = "0.5.3"
description = "A non-validating SQL parser."
optional = false
python-versions = ">=3.8"
files = [
    {file = "sqlparse-0.5.3-py3-none-any.whl", hash = "sha256:cf2196ed3418f3ba5de6af7e82c694a9fbdbfecccdfc72e281548517081f16ca"},
    {file = "sqlparse-0.5.3.tar.gz", hash = "sha256:09f67787f56a0b16ecdbde1bfc7f5d9c3371ca683cfeaa8e6ff60b4807ec9272"},
]

[package.extras]
dev = ["build", "hatch"]
doc = ["sphinx"]

[[package]]
name = "tzdata"
version = "2025.1"
description = "Provider of IANA time zone data"
optional = false
python-versions = ">=2"
files = [
    {file = "tzdata-2025.1-py2.py3-none-any.whl", hash = "sha256:7e127113816800496f027041c570f50bcd464a020098a3b6b199517772303639"},
    {file = "tzdata-2025.1.tar.gz", hash = "sha256:24894909e88cdb28bd1636c6887801df64cb485bd593f2fd83ef29075a81d694"},
]

[metadata]
lock-version = "2.0"
python-versions = "^3.12"
content-hash = "abb045f2d584f7545c6e59109d88d07e2228f3792bf7f66992417027d12dd854"
